<?xml version="1.0" encoding="utf-8"?>
<Project xmlns="http://schemas.microsoft.com/developer/msbuild/2003">
  <ItemGroup>
    <Filter Include="Form Files">
      <UniqueIdentifier>{99349809-55BA-4b9d-BF79-8FDBB0286EB3}</UniqueIdentifier>
      <Extensions>ui</Extensions>
      <ParseFiles>false</ParseFiles>
    </Filter>
    <Filter Include="Form Files">
      <UniqueIdentifier>{99349809-55BA-4b9d-BF79-8FDBB0286EB3}</UniqueIdentifier>
      <Extensions>ui</Extensions>
      <ParseFiles>false</ParseFiles>
    </Filter>
    <Filter Include="Generated Files">
      <UniqueIdentifier>{71ED8ED8-ACB9-4CE9-BBE1-E00B30144E11}</UniqueIdentifier>
      <Extensions>cpp;c;cxx;moc;h;def;odl;idl;res;</Extensions>
    </Filter>
    <Filter Include="Generated Files">
      <UniqueIdentifier>{71ED8ED8-ACB9-4CE9-BBE1-E00B30144E11}</UniqueIdentifier>
      <Extensions>cpp;c;cxx;moc;h;def;odl;idl;res;</Extensions>
    </Filter>
    <Filter Include="Header Files">
      <UniqueIdentifier>{93995380-89BD-4b04-88EB-625FBE52EBFB}</UniqueIdentifier>
      <Extensions>h;hpp;hxx;hm;inl;inc;xsd</Extensions>
    </Filter>
    <Filter Include="Header Files">
      <UniqueIdentifier>{93995380-89BD-4b04-88EB-625FBE52EBFB}</UniqueIdentifier>
      <Extensions>h;hpp;hxx;hm;inl;inc;xsd</Extensions>
    </Filter>
    <Filter Include="Resource Files">
      <UniqueIdentifier>{D9D6E242-F8AF-46E4-B9FD-80ECBC20BA3E}</UniqueIdentifier>
      <Extensions>qrc;*</Extensions>
      <ParseFiles>false</ParseFiles>
    </Filter>
    <Filter Include="Resource Files">
      <UniqueIdentifier>{D9D6E242-F8AF-46E4-B9FD-80ECBC20BA3E}</UniqueIdentifier>
      <Extensions>qrc;*</Extensions>
      <ParseFiles>false</ParseFiles>
    </Filter>
    <Filter Include="Source Files">
      <UniqueIdentifier>{4FC737F1-C7A5-4376-A066-2A32D752A2FF}</UniqueIdentifier>
      <Extensions>cpp;c;cxx;def;odl;idl;hpj;bat;asm;asmx</Extensions>
    </Filter>
    <Filter Include="Source Files">
      <UniqueIdentifier>{4FC737F1-C7A5-4376-A066-2A32D752A2FF}</UniqueIdentifier>
      <Extensions>cpp;c;cxx;def;odl;idl;hpj;bat;asm;asmx</Extensions>
    </Filter>
    <Filter Include="Translation Files">
      <UniqueIdentifier>{639EADAA-A684-42e4-A9AD-28FC9BCB8F7C}</UniqueIdentifier>
      <Extensions>ts;xlf</Extensions>
      <ParseFiles>false</ParseFiles>
    </Filter>
    <Filter Include="Translation Files">
      <UniqueIdentifier>{639EADAA-A684-42e4-A9AD-28FC9BCB8F7C}</UniqueIdentifier>
      <Extensions>ts;xlf</Extensions>
      <ParseFiles>false</ParseFiles>
    </Filter>
  </ItemGroup>
  <ItemGroup>
    <ClCompile Include="aboutdlg.cpp">
      <Filter>Source Files</Filter>
    </ClCompile>
    <ClCompile Include="holocomm.cpp">
      <Filter>Source Files</Filter>
    </ClCompile>
    <ClCompile Include="holoviewer.cpp">
      <Filter>Source Files</Filter>
    </ClCompile>
    <ClCompile Include="main.cpp">
      <Filter>Source Files</Filter>
    </ClCompile>
    <ClCompile Include="mainwindow.cpp">
      <Filter>Source Files</Filter>
    </ClCompile>
    <ClCompile Include="ndicomm.cpp">
      <Filter>Source Files</Filter>
    </ClCompile>
    <ClCompile Include="ndiviewer.cpp">
      <Filter>Source Files</Filter>
    </ClCompile>
  </ItemGroup>
  <ItemGroup>
    <QtMoc Include="aboutdlg.h">
      <Filter>Header Files</Filter>
    </QtMoc>
    <QtMoc Include="holocomm.h">
      <Filter>Header Files</Filter>
    </QtMoc>
    <QtMoc Include="holoviewer.h">
      <Filter>Header Files</Filter>
    </QtMoc>
    <QtMoc Include="mainwindow.h">
      <Filter>Header Files</Filter>
    </QtMoc>
    <QtMoc Include="ndicomm.h">
      <Filter>Header Files</Filter>
    </QtMoc>
    <QtMoc Include="ndiviewer.h">
      <Filter>Header Files</Filter>
    </QtMoc>
  </ItemGroup>
  <ItemGroup>
    <CustomBuild Include="debug\moc_predefs.h.cbt">
      <Filter>Generated Files</Filter>
    </CustomBuild>
    <CustomBuild Include="release\moc_predefs.h.cbt">
      <Filter>Generated Files</Filter>
    </CustomBuild>
  </ItemGroup>
  <ItemGroup>
    <None Include="translation_zh.ts">
      <Filter>Translation Files</Filter>
    </None>
  </ItemGroup>
  <ItemGroup>
    <QtUic Include="aboutdlg.ui">
      <Filter>Form Files</Filter>
    </QtUic>
    <QtUic Include="holocomm.ui">
      <Filter>Form Files</Filter>
    </QtUic>
    <QtUic Include="holoviewer.ui">
      <Filter>Form Files</Filter>
    </QtUic>
    <QtUic Include="mainwindow.ui">
      <Filter>Form Files</Filter>
    </QtUic>
    <QtUic Include="ndicomm.ui">
      <Filter>Form Files</Filter>
    </QtUic>
    <QtUic Include="ndiviewer.ui">
      <Filter>Form Files</Filter>
    </QtUic>
  </ItemGroup>
  <ItemGroup>
    <None Include="res\about.ico">
      <Filter>Resource Files</Filter>
    </None>
    <None Include="res\chinese.png">
      <Filter>Resource Files</Filter>
    </None>
    <None Include="res\english.png">
      <Filter>Resource Files</Filter>
    </None>
    <None Include="res\file.ico">
      <Filter>Resource Files</Filter>
    </None>
    <None Include="res\goalpos.ico">
      <Filter>Resource Files</Filter>
    </None>
    <None Include="res\joint.ico">
      <Filter>Resource Files</Filter>
    </None>
    <None Include="res\kinect.ico">
      <Filter>Resource Files</Filter>
    </None>
    <None Include="res\loc.ico">
      <Filter>Resource Files</Filter>
    </None>
    <None Include="res\ndi.png">
      <Filter>Resource Files</Filter>
    </None>
    <None Include="res\plan.ico">
      <Filter>Resource Files</Filter>
    </None>
    <None Include="res\planning.ico">
      <Filter>Resource Files</Filter>
    </None>
    <None Include="res\refresh.ico">
      <Filter>Resource Files</Filter>
    </None>
    <QtRcc Include="resources.qrc">
      <Filter>Resource Files</Filter>
    </QtRcc>
    <None Include="res\robot_arm.ico">
      <Filter>Resource Files</Filter>
    </None>
    <None Include="res\robot_arm.png">
      <Filter>Resource Files</Filter>
    </None>
    <None Include="res\run.ico">
      <Filter>Resource Files</Filter>
    </None>
    <None Include="res\setting.ico">
      <Filter>Resource Files</Filter>
    </None>
    <None Include="res\settings2.ico">
      <Filter>Resource Files</Filter>
    </None>
    <None Include="res\start.ico">
      <Filter>Resource Files</Filter>
    </None>
    <None Include="res\stop.ico">
      <Filter>Resource Files</Filter>
    </None>
    <None Include="res\switcher.ico">
      <Filter>Resource Files</Filter>
    </None>
    <None Include="res\tools.ico">
      <Filter>Resource Files</Filter>
    </None>
    <None Include="translation_zh.qm">
      <Filter>Resource Files</Filter>
    </None>
    <None Include="res\viewer.ico">
      <Filter>Resource Files</Filter>
    </None>
    <None Include="res\vr.ico">
      <Filter>Resource Files</Filter>
    </None>
    <None Include="res\zs.jpg">
      <Filter>Resource Files</Filter>
    </None>
  </ItemGroup>
  <ItemGroup>
    <ResourceCompile Include=".\MotionViewer_resource.rc" />
  </ItemGroup>
</Project>